
Microsoft Visual Studio Solution File, Format Version 12.00
# Visual Studio Version 16
VisualStudioVersion = 16.0.29318.209
MinimumVisualStudioVersion = 10.0.40219.1
Project("{FAE04EC0-301F-11D3-BF4B-00C04F79EFBC}") = "EmojiDebug", "EmojiDebug\EmojiDebug.csproj", "{5E2587D6-3434-495A-B6CB-58602D7C927A}"
EndProject
Project("{FAE04EC0-301F-11D3-BF4B-00C04F79EFBC}") = "TestEnvironment", "TestEnvironment\TestEnvironment.csproj", "{9A748C05-5C61-45FB-B063-93F4A7CD824C}"
EndProject
Global
	GlobalSection(SolutionConfigurationPlatforms) = preSolution
		Debug|Any CPU = Debug|Any CPU
		Release|Any CPU = Release|Any CPU
	EndGlobalSection
	GlobalSection(ProjectConfigurationPlatforms) = postSolution
		{5E2587D6-3434-495A-B6CB-58602D7C927A}.Debug|Any CPU.ActiveCfg = Debug|Any CPU
		{5E2587D6-3434-495A-B6CB-58602D7C927A}.Debug|Any CPU.Build.0 = Debug|Any CPU
		{5E2587D6-3434-495A-B6CB-58602D7C927A}.Release|Any CPU.ActiveCfg = Release|Any CPU
		{5E2587D6-3434-495A-B6CB-58602D7C927A}.Release|Any CPU.Build.0 = Release|Any CPU
		{9A748C05-5C61-45FB-B063-93F4A7CD824C}.Debug|Any CPU.ActiveCfg = Debug|Any CPU
		{9A748C05-5C61-45FB-B063-93F4A7CD824C}.Debug|Any CPU.Build.0 = Debug|Any CPU
		{9A748C05-5C61-45FB-B063-93F4A7CD824C}.Release|Any CPU.ActiveCfg = Release|Any CPU
		{9A748C05-5C61-45FB-B063-93F4A7CD824C}.Release|Any CPU.Build.0 = Release|Any CPU
	EndGlobalSection
	GlobalSection(SolutionProperties) = preSolution
		HideSolutionNode = FALSE
	EndGlobalSection
	GlobalSection(ExtensibilityGlobals) = postSolution
		SolutionGuid = {B49A3E4E-42D7-4C25-81A0-B696B37D9BD8}
	EndGlobalSection
EndGlobal
